lockfileVersion: '9.0'

settings:
  autoInstallPeers: true
  excludeLinksFromLockfile: false

importers:

  .:
    devDependencies:
      '@biomejs/biome':
        specifier: ^2.5.4
        version: 2.5.11
      '@tailwindcss/cli':
        specifier: ^4.3.3
        version: 4.3.3
      concurrently:
        specifier: ^10.0.3
        version: 10.0.5
      cssnano:
        specifier: ^8.0.2
        version: 8.0.10(postcss@8.5.26)
      tailwindcss:
        specifier: 4.3.3
        version: 4.3.3

packages:

  '@biomejs/biome@2.5.11':
    resolution: {integrity: sha512-Tj0dnkLPdW0ASjHfj2D/ZkkvPU2wrFmnE1jWTD2xzV1ycapV1DutbYXk4NDnR3rYTi1ZCbNFD4G2gRMEY65WaA==}
    engines: {node: '>=14.21.3'}
    hasBin: true

  '@biomejs/cli-darwin-arm64@2.5.11':
    resolution: {integrity: sha512-6SGZxoKbXvUjMn1t6A98HqWISPnGNbYs0R/Rt2JarmXBSev+lva4QxUMWEBX9lX1Wo1XTJ78uk5xVDtG58SRZg==}
    engines: {node: '>=14.21.3'}
    cpu: [arm64]
    os: [darwin]

  '@biomejs/cli-darwin-x64@2.5.11':
    resolution: {integrity: sha512-nYkXY7tLBEgnGbYapDKAyKzgt44ZEyG+AKalvTXtCWKYgepI9dw327q+cVgedxm+Udi1ZzHKUyZrIusHi/KQbw==}
    engines: {node: '>=14.21.3'}
    cpu: [x64]
    os: [darwin]

  '@biomejs/cli-linux-arm64-musl@2.5.11':
    resolution: {integrity: sha512-qhyZUMyCbWYFV2bAwRNVvfMVZ+hv7WYl6mossGrxC+uiQQXhvsuWWU8zz6jYX0mChZd9MgQZbm4vozTmG/5iGw==}
    engines: {node: '>=14.21.3'}
    cpu: [arm64]
    os: [linux]
    libc: [musl]

  '@biomejs/cli-linux-arm64@2.5.11':
    resolution: {integrity: sha512-3PVLSTD9RR73rvVPt5G3T1gc+ycggWEGfTD7RvzzbtcDPD27NxgxBbAFfpm7DXJKW6VLHWE1lLMGvFt2Qxjcow==}
    engines: {node: '>=14.21.3'}
    cpu: [arm64]
    os: [linux]
    libc: [glibc]

  '@biomejs/cli-linux-x64-musl@2.5.11':
    resolution: {integrity: sha512-oRRlrchG5EfrEL/EmtT1qUjSNHk3/5LGeZhQqADBBAJF1b1ET6964xEKe7aGlGARzDfza8H/seEsFJl7S6Ql9w==}
    engines: {node: '>=14.21.3'}
    cpu: [x64]
    os: [linux]
    libc: [musl]

  '@biomejs/cli-linux-x64@2.5.11':
    resolution: {integrity: sha512-JOytptlsgM33B2MMFUg8iBrb4IKpbD5JnJrSeYiaFEeAj4vuXx0iQSQZ4qK7sqyMtfjZxxPdNdMZZVL4y/mFyA==}
    engines: {node: '>=14.21.3'}
    cpu: [x64]
    os: [linux]
    libc: [glibc]

  '@biomejs/cli-win32-arm64@2.5.11':
    resolution: {integrity: sha512-e49E6K9hzH/ohJNx8Y26mY8HaV4I4ZViIeoqhKsmoXLKHhQnMeBAVqCgsGf2Wa3lXlS7RkporDXMHHWkzvZzFw==}
    engines: {node: '>=14.21.3'}
    cpu: [arm64]
    os: [win32]

  '@biomejs/cli-win32-x64@2.5.11':
    resolution: {integrity: sha512-QSQr/KjOgXA7OzXJUWS+oguKyAZ3Q0l/lnlDGbu397eKo83atuWUjBPJrsqbKNF6CARGw8XXJLGzpHC8Ryhd4Q==}
    engines: {node: '>=14.21.3'}
    cpu: [x64]
    os: [win32]

  '@colordx/core@5.6.0':
    resolution: {integrity: sha512-EDlcg/Hmlj1WuFh/Os9YhA+A2aasB2XlgwFfGePUDuW7fVHC07HBi5AFIMx0Ct1eM8kHM9NRyOtZ0MuVYa8xvg==}

  '@jridgewell/gen-mapping@0.3.13':
    resolution: {integrity: sha512-2kkt/7niJ6MgEPxF0bYdQ6etZaA+fQvDcLKckhy1yIQOzaoKjBBjSj63/aLVjYE3qhRt5dvM+uUyfCg6UKCBbA==}

  '@jridgewell/remapping@2.3.5':
    resolution: {integrity: sha512-LI9u/+laYG4Ds1TDKSJW2YPrIlcVYOwi2fUC6xB43lueCjgxV4lffOCZCtYFiH6TNOX+tQKXx97T4IKHbhyHEQ==}

  '@jridgewell/resolve-uri@3.1.2':
    resolution: {integrity: sha512-bRISgCIjP20/tbWSPWMEi54QVPRZExkuD9lJL+UIxUKtwVJA8wW1Trb1jMs1RFXo1CBTNZ/5hpC9QvmKWdopKw==}
    engines: {node: '>=6.0.0'}

  '@jridgewell/sourcemap-codec@1.5.5':
    resolution: {integrity: sha512-cYQ9310grqxueWbl+WuIUIaiUaDcj7WOq5fVhEljNVgRfOUhY9fy2zTvfoqWsnebh8Sl70VScFbICvJnLKB0Og==}

  '@jridgewell/trace-mapping@0.3.31':
    resolution: {integrity: sha512-zzNR+SdQSDJzc8joaeP8QQoCQr8NuYx2dIIytl1QeBEZHJ9uW6hebsrYgbz8hJwUQao3TWCMtmfV8Nu1twOLAw==}

  '@parcel/watcher-android-arm64@2.5.1':
    resolution: {integrity: sha512-KF8+j9nNbUN8vzOFDpRMsaKBHZ/mcjEjMToVMJOhTozkDonQFFrRcfdLWn6yWKCmJKmdVxSgHiYvTCef4/qcBA==}
    engines: {node: '>= 10.0.0'}
    cpu: [arm64]
    os: [android]

  '@parcel/watcher-darwin-arm64@2.5.1':
    resolution: {integrity: sha512-eAzPv5osDmZyBhou8PoF4i6RQXAfeKL9tjb3QzYuccXFMQU0ruIc/POh30ePnaOyD1UXdlKguHBmsTs53tVoPw==}
    engines: {node: '>= 10.0.0'}
    cpu: [arm64]
    os: [darwin]

  '@parcel/watcher-darwin-x64@2.5.1':
    resolution: {integrity: sha512-1ZXDthrnNmwv10A0/3AJNZ9JGlzrF82i3gNQcWOzd7nJ8aj+ILyW1MTxVk35Db0u91oD5Nlk9MBiujMlwmeXZg==}
    engines: {node: '>= 10.0.0'}
    cpu: [x64]
    os: [darwin]

  '@parcel/watcher-freebsd-x64@2.5.1':
    resolution: {integrity: sha512-SI4eljM7Flp9yPuKi8W0ird8TI/JK6CSxju3NojVI6BjHsTyK7zxA9urjVjEKJ5MBYC+bLmMcbAWlZ+rFkLpJQ==}
    engines: {node: '>= 10.0.0'}
    cpu: [x64]
    os: [freebsd]

  '@parcel/watcher-linux-arm-glibc@2.5.1':
    resolution: {integrity: sha512-RCdZlEyTs8geyBkkcnPWvtXLY44BCeZKmGYRtSgtwwnHR4dxfHRG3gR99XdMEdQ7KeiDdasJwwvNSF5jKtDwdA==}
    engines: {node: '>= 10.0.0'}
    cpu: [arm]
    os: [linux]
    libc: [glibc]

  '@parcel/watcher-linux-arm-musl@2.5.1':
    resolution: {integrity: sha512-6E+m/Mm1t1yhB8X412stiKFG3XykmgdIOqhjWj+VL8oHkKABfu/gjFj8DvLrYVHSBNC+/u5PeNrujiSQ1zwd1Q==}
    engines: {node: '>= 10.0.0'}
    cpu: [arm]
    os: [linux]
    libc: [musl]

  '@parcel/watcher-linux-arm64-glibc@2.5.1':
    resolution: {integrity: sha512-LrGp+f02yU3BN9A+DGuY3v3bmnFUggAITBGriZHUREfNEzZh/GO06FF5u2kx8x+GBEUYfyTGamol4j3m9ANe8w==}
    engines: {node: '>= 10.0.0'}
    cpu: [arm64]
    os: [linux]
    libc: [glibc]

  '@parcel/watcher-linux-arm64-musl@2.5.1':
    resolution: {integrity: sha512-cFOjABi92pMYRXS7AcQv9/M1YuKRw8SZniCDw0ssQb/noPkRzA+HBDkwmyOJYp5wXcsTrhxO0zq1U11cK9jsFg==}
    engines: {node: '>= 10.0.0'}
    cpu: [arm64]
    os: [linux]
    libc: [musl]

  '@parcel/watcher-linux-x64-glibc@2.5.1':
    resolution: {integrity: sha512-GcESn8NZySmfwlTsIur+49yDqSny2IhPeZfXunQi48DMugKeZ7uy1FX83pO0X22sHntJ4Ub+9k34XQCX+oHt2A==}
    engines: {node: '>= 10.0.0'}
    cpu: [x64]
    os: [linux]
    libc: [glibc]

  '@parcel/watcher-linux-x64-musl@2.5.1':
    resolution: {integrity: sha512-n0E2EQbatQ3bXhcH2D1XIAANAcTZkQICBPVaxMeaCVBtOpBZpWJuf7LwyWPSBDITb7In8mqQgJ7gH8CILCURXg==}
    engines: {node: '>= 10.0.0'}
    cpu: [x64]
    os: [linux]
    libc: [musl]

  '@parcel/watcher-win32-arm64@2.5.1':
    resolution: {integrity: sha512-RFzklRvmc3PkjKjry3hLF9wD7ppR4AKcWNzH7kXR7GUe0Igb3Nz8fyPwtZCSquGrhU5HhUNDr/mKBqj7tqA2Vw==}
    engines: {node: '>= 10.0.0'}
    cpu: [arm64]
    os: [win32]

  '@parcel/watcher-win32-ia32@2.5.1':
    resolution: {integrity: sha512-c2KkcVN+NJmuA7CGlaGD1qJh1cLfDnQsHjE89E60vUEMlqduHGCdCLJCID5geFVM0dOtA3ZiIO8BoEQmzQVfpQ==}
    engines: {node: '>= 10.0.0'}
    cpu: [ia32]
    os: [win32]

  '@parcel/watcher-win32-x64@2.5.1':
    resolution: {integrity: sha512-9lHBdJITeNR++EvSQVUcaZoWupyHfXe1jZvGZ06O/5MflPcuPLtEphScIBL+AiCWBO46tDSHzWyD0uDmmZqsgA==}
    engines: {node: '>= 10.0.0'}
    cpu: [x64]
    os: [win32]

  '@parcel/watcher@2.5.1':
    resolution: {integrity: sha512-dfUnCxiN9H4ap84DvD2ubjw+3vUNpstxa0TneY/Paat8a3R4uQZDLSvWjmznAY/DoahqTHl9V46HF/Zs3F29pg==}
    engines: {node: '>= 10.0.0'}

  '@tailwindcss/cli@4.3.3':
    resolution: {integrity: sha512-ZvS/n1ZHOBKcVlhkt8l5NNr1EDXk1NboYO5CYDOs6NUmvT9z6bzkwsosaJftY57T/3gWNzWMJzIXLodZC8ssdw==}
    hasBin: true

  '@tailwindcss/node@4.3.3':
    resolution: {integrity: sha512-/T8IKEsf9VTU6tLjgC7+sv2mOPtQxzE2jMw7u4Tt40Tx+QSZxpzh95/H6cMKoja9XuW7iMdLJYBB0o9G1CaAgg==}

  '@tailwindcss/oxide-android-arm64@4.3.3':
    resolution: {integrity: sha512-Y85A2gmPSkl5Ve5qR86GL4HT509cFqQh1aes9p3sSkyTPwt0Pppf3GkwGe4JPACcRYjgJIEhQgM6dBClnr0NYw==}
    engines: {node: '>= 20'}
    cpu: [arm64]
    os: [android]

  '@tailwindcss/oxide-darwin-arm64@4.3.3':
    resolution: {integrity: sha512-BiaWatpBcERQFDlOjRDpIVXuFK5PJez5SA4JMg6VYZdBYU+qKfV/vqjcIs+IYmtitf1xYQZTwXvU/8y4lfZUGw==}
    engines: {node: '>= 20'}
    cpu: [arm64]
    os: [darwin]

  '@tailwindcss/oxide-darwin-x64@4.3.3':
    resolution: {integrity: sha512-fAeUqfV5ndhxRwai8cXGzdLvul9utWOmeTkv69unv4ZXixjn61Z+p9lCWdwOwA3TYboG3BwdVuN/RDjhBRl0mw==}
    engines: {node: '>= 20'}
    cpu: [x64]
    os: [darwin]

  '@tailwindcss/oxide-freebsd-x64@4.3.3':
    resolution: {integrity: sha512-iyf5bV6+wnAlflVeEy7R25dupxTNECZN5QMI0qNT6eT+EgaGdZcKhGkr5SdoaWiLJ3spLqIY9VCeSGrwmtg4kw==}
    engines: {node: '>= 20'}
    cpu: [x64]
    os: [freebsd]

  '@tailwindcss/oxide-linux-arm-gnueabihf@4.3.3':
    resolution: {integrity: sha512-aAYUprJAJQWWbRrPvtjdroZ56Md+JM8pMiopS6xGEwDfLhqj+2ver2p4nU4Mb3CRqcMmNBjo8KkUgcxhkzVQGQ==}
    engines: {node: '>= 20'}
    cpu: [arm]
    os: [linux]

  '@tailwindcss/oxide-linux-arm64-gnu@4.3.3':
    resolution: {integrity: sha512-nDxldcEENOxZRzC2uu9jrutZdAAQtb+8WWDCSnWL1zvBk1+FN+x6MtDViPB5AJMfttVCUhehGWus3XBPgatM/w==}
    engines: {node: '>= 20'}
    cpu: [arm64]
    os: [linux]
    libc: [glibc]

  '@tailwindcss/oxide-linux-arm64-musl@4.3.3':
    resolution: {integrity: sha512-Md44bD6veX/PC5iyF8cDVnw4HBIANZepRZZ7a8DQOvkfo5WUBwcp6iAuCUz23u+4SUkhJlD3eL7hNdW8ezd/kA==}
    engines: {node: '>= 20'}
    cpu: [arm64]
    os: [linux]
    libc: [musl]

  '@tailwindcss/oxide-linux-x64-gnu@4.3.3':
    resolution: {integrity: sha512-tx7us1muwOKAKWao2v/GaafFeQboE6aj88vC6ziN2NCGcRm8gWUhwjzg+YdVB1e4boAtdtma4L43onunI6NS4w==}
    engines: {node: '>= 20'}
    cpu: [x64]
    os: [linux]
    libc: [glibc]

  '@tailwindcss/oxide-linux-x64-musl@4.3.3':
    resolution: {integrity: sha512-SJxX60smvHgasZoBy11dX6YRjXJFovwWBoedhbQPOBzgFWBHGB+TVPWB9BxzR7TTxU8FQZAI2AyiNCMzFm8Img==}
    engines: {node: '>= 20'}
    cpu: [x64]
    os: [linux]
    libc: [musl]

  '@tailwindcss/oxide-wasm32-wasi@4.3.3':
    resolution: {integrity: sha512-jx1+rPhY/5Ympkktd656HBWEBLxP7dH06losBLjjf5vgCODXvi9KhtftWcMIwTFIDqBr7cRnQkdLnAG+IOlGvQ==}
    engines: {node: '>=14.0.0'}
    cpu: [wasm32]
    bundledDependencies:
      - '@napi-rs/wasm-runtime'
      - '@emnapi/core'
      - '@emnapi/runtime'
      - '@tybys/wasm-util'
      - '@emnapi/wasi-threads'
      - tslib

  '@tailwindcss/oxide-win32-arm64-msvc@4.3.3':
    resolution: {integrity: sha512-3rc292Ca2ceK6Ulcc/bAVnTs/3nDtoPhyEKlgPv+yQJQi/JS/AMJlqzxvlDacL1nekbrcf6bTqp/jV4qgnPxNQ==}
    engines: {node: '>= 20'}
    cpu: [arm64]
    os: [win32]

  '@tailwindcss/oxide-win32-x64-msvc@4.3.3':
    resolution: {integrity: sha512-yJ0pwIVc/nYeGoV02WtsN8KYyLQv7kyI2wDnkezyJlGGjkd4QLwDGAwl47YpPJeuI0M0ObaXGSPjvWDPeTPggw==}
    engines: {node: '>= 20'}
    cpu: [x64]
    os: [win32]

  '@tailwindcss/oxide@4.3.3':
    resolution: {integrity: sha512-krXjAikiaFSPaK/FkAQT5UTx3VormQaiZ5hBFlJZ9UFQGB/rwg1MZIhHAG9smMQRTdyJxP6Qt5MwMtdyU5FWrA==}
    engines: {node: '>= 20'}

  ansi-regex@6.3.0:
    resolution: {integrity: sha512-WpDfL7NO6j7tH88IDBNVdUJxDh9nmCteAVW9dsep846XdwF4naCBK+/tGLX3KJgcpgMRXCFlTM2hKGoK9FsdrQ==}
    engines: {node: '>=12'}

  ansi-styles@6.2.3:
    resolution: {integrity: sha512-4Dj6M28JB+oAH8kFkTLUo+a2jwOFkuqb3yucU0CANcRRUbxS0cP0nZYCGjcc3BNXwRIsUVmDGgzawme7zvJHvg==}
    engines: {node: '>=12'}

  baseline-browser-mapping@2.11.13:
    resolution: {integrity: sha512-k9HNuUVMlqVjQ9UHzfPjIqiDbWw7WqT1AoT7GL8VwvF3r0ZfArtgiSPAlmupyNquNgOJHTuH4CKYf8ttMTWBTQ==}
    engines: {node: '>=6.0.0'}
    hasBin: true

  boolbase@1.0.0:
    resolution: {integrity: sha512-JZOSA7Mo9sNGB8+UjSgzdLtokWAky1zbztM3WRLCbZ70/3cTANmQmOdR7y2g+J0e2WXywy1yS468tY+IruqEww==}

  braces@3.0.3:
    resolution: {integrity: sha512-yQbXgO/OSZVD2IsiLlro+7Hf6Q18EJrKSEsdoMzKePKXct3gvD8oLcOQdIzGupr5Fj+EDe8gO/lxc1BzfMpxvA==}
    engines: {node: '>=8'}

  browserslist@4.28.8:
    resolution: {integrity: sha512-V2NpofLblG64mfOtSgDhOJESZEGogzDMBv/q+W6oc4LXWP/q75eOXoOaaOu1EOadB9U4Bwx/e0yzbvwKH8zalA==}
    engines: {node: ^6 || ^7 || ^8 || ^9 || ^10 || ^11 || ^12 || >=13.7}
    hasBin: true

  caniuse-api@4.0.0:
    resolution: {integrity: sha512-B0hQ1OLyJuHTQSOWXvwibWqM6DCoqJdvBA6X1S/53bd4XU7LJ1yurIPlrsouol3mw1jh9pGI4ivubSpmJeIqCA==}

  caniuse-lite@1.0.30001809:
    resolution: {integrity: sha512-xxWVywk6a6Arlk+hymeycyn/VgqEfLDxupvhH/xiY5SJ/18kmi9o6MiO320DCUzypORHLtvh0I4i04tUhCNHNQ==}

  chalk@5.6.2:
    resolution: {integrity: sha512-7NzBL0rN6fMUW+f7A6Io4h40qQlG+xGmtMxfbnH/K7TAtt8JQWVQK+6g0UXKMeVJoyV5EkkNsErQ8pVD3bLHbA==}
    engines: {node: ^12.17.0 || ^14.13 || >=16.0.0}

  cliui@9.0.1:
    resolution: {integrity: sha512-k7ndgKhwoQveBL+/1tqGJYNz097I7WOvwbmmU2AR5+magtbjPWQTS1C5vzGkBC8Ym8UWRzfKUzUUqFLypY4Q+w==}
    engines: {node: '>=20'}

  commander@11.1.0:
    resolution: {integrity: sha512-yPVavfyCcRhmorC7rWlkHn15b4wDVgVmBA7kV4QVBsF7kv/9TKJAbAXVTxvTnwP8HHKjRCJDClKbciiYS7p0DQ==}
    engines: {node: '>=16'}

  concurrently@10.0.5:
    resolution: {integrity: sha512-JaP/CoftUrCcAFW/g//RbgEGwlelnEae6cfBLgH6ZdO6s8jPkn6p9SB9u6pdVxYXoiSnFqseOlHfrEfF82TVOg==}
    engines: {node: '>=22'}
    hasBin: true

  css-select@6.0.0:
    resolution: {integrity: sha512-rZZVSLle8v0+EY8QAkDWrKhpgt6SA5OtHsgBnsj6ZaLb5dmDVOWUDtQitd9ydxxvEjhewNudS6eTVU7uOyzvXw==}

  css-tree@2.2.1:
    resolution: {integrity: sha512-OA0mILzGc1kCOCSJerOeqDxDQ4HOh+G8NbOJFOTgOCzpw7fCBubk0fEyxp8AgOL/jvLgYA/uV0cMbe43ElF1JA==}
    engines: {node: ^10 || ^12.20.0 || ^14.13.0 || >=15.0.0, npm: '>=7.0.0'}

  css-tree@3.2.1:
    resolution: {integrity: sha512-X7sjQzceUhu1u7Y/ylrRZFU2FS6LRiFVp6rKLPg23y3x3c3DOKAwuXGDp+PAGjh6CSnCjYeAul8pcT8bAl+lSA==}
    engines: {node: ^10 || ^12.20.0 || ^14.13.0 || >=15.0.0}

  css-what@7.0.0:
    resolution: {integrity: sha512-wD5oz5xibMOPHzy13CyGmogB3phdvcDaB5t0W/Nr5Z2O/agcB8YwOz6e2Lsp10pNDzBoDO9nVa3RGs/2BttpHQ==}
    engines: {node: '>= 6'}

  cssesc@3.0.0:
    resolution: {integrity: sha512-/Tb/JcjK111nNScGob5MNtsntNM1aCNUDipB/TkwZFhyDrrE47SOx/18wF2bbjgc3ZzCSKW1T5nt5EbFoAz/Vg==}
    engines: {node: '>=4'}
    hasBin: true

  cssnano-preset-default@8.0.10:
    resolution: {integrity: sha512-34uq3q7OXgmfxXn+MHTgIqysCLH7zRZZUMAwrBiO09F5/KLVD33iDFNRRUNYStKdj0SaAIUVr6Akao2Fpp0aVA==}
    engines: {node: ^22.11.0 || ^24.11.0 || >=26.0}
    peerDependencies:
      postcss: ^8.5.26

  cssnano-utils@6.0.4:
    resolution: {integrity: sha512-j1z2mW4MqtcGM4I8TxXAdOXUifp1DZ5/bZnyYnCpHlzQ/ilCj2voLxE0aqEKnBDA5hF6HahSY13JU8kyZ1s8Mg==}
    engines: {node: ^22.11.0 || ^24.11.0 || >=26.0}
    peerDependencies:
      postcss: ^8.5.26

  cssnano@8.0.10:
    resolution: {integrity: sha512-aMlBsvQW5g1b8vfPnkuy5Bk7g/jyRsf5eMpbhe4nKnePx+n2IrC0L6dFqnd3r4/OGNIYGEHfAt09oywi84fWKQ==}
    engines: {node: ^22.11.0 || ^24.11.0 || >=26.0}
    peerDependencies:
      postcss: ^8.5.26

  csso@5.0.5:
    resolution: {integrity: sha512-0LrrStPOdJj+SPCCrGhzryycLjwcgUSHBtxNA8aIDxf0GLsRh1cKYhB00Gd1lDOS4yGH69+SNn13+TWbVHETFQ==}
    engines: {node: ^10 || ^12.20.0 || ^14.13.0 || >=15.0.0, npm: '>=7.0.0'}

  detect-libc@1.0.3:
    resolution: {integrity: sha512-pGjwhsmsp4kL2RTz08wcOlGN83otlqHeD/Z5T8GXZB+/YcpQ/dgo+lbU8ZsGxV0HIvqqxo9l7mqYwyYMD9bKDg==}
    engines: {node: '>=0.10'}
    hasBin: true

  detect-libc@2.1.2:
    resolution: {integrity: sha512-Btj2BOOO83o3WyH59e8MgXsxEQVcarkUOpEYrubB0urwnN10yQ364rsiByU11nZlqWYZm05i/of7io4mzihBtQ==}
    engines: {node: '>=8'}

  dom-serializer@2.0.0:
    resolution: {integrity: sha512-wIkAryiqt/nV5EQKqQpo3SToSOV9J0DnbJqwK7Wv/Trc92zIAYZ4FlMu+JPFW1DfGFt81ZTCGgDEabffXeLyJg==}

  domelementtype@2.3.0:
    resolution: {integrity: sha512-OLETBj6w0OsagBwdXnPdN0cnMfF9opN69co+7ZrbfPGrdpPVNBUj02spi6B1N7wChLQiPn4CSH/zJvXw56gmHw==}

  domhandler@5.0.3:
    resolution: {integrity: sha512-cgwlv/1iFQiFnU96XXgROh8xTeetsnJiDsTc7TYCLFd9+/WNkIqPTxiM/8pSd8VIrhXGTf1Ny1q1hquVqDJB5w==}
    engines: {node: '>= 4'}

  domutils@3.2.2:
    resolution: {integrity: sha512-6kZKyUajlDuqlHKVX1w7gyslj9MPIXzIFiz/rGu35uC1wMi+kMhQwGhl4lt9unC9Vb9INnY9Z3/ZA3+FhASLaw==}

  electron-to-chromium@1.5.405:
    resolution: {integrity: sha512-bNglH7lPH5l+yHOes7Zr4VqxhOy4BQ9ZBUX4VdoFgxMpzJk7W1ZoO3Vgd9Pxa9PyjQ76sfm2aKH/nzEcCNRlew==}

  emoji-regex@10.6.0:
    resolution: {integrity: sha512-toUI84YS5YmxW219erniWD0CIVOo46xGKColeNQRgOzDorgBi1v4D71/OFzgD9GO2UGKIv1C3Sp8DAn0+j5w7A==}

  enhanced-resolve@5.24.5:
    resolution: {integrity: sha512-L1l8TNvomm6UVW5B253AGxQagSQr+vGwhMlrrfRS2qmhx46AMpMVJKQYLvWYbysTMY8VoicOvzHzoHMbyzB+4A==}
    engines: {node: '>=10.13.0'}

  entities@4.5.0:
    resolution: {integrity: sha512-V0hjH4dGPh9Ao5p0MoRY6BVqtwCjhz6vI5LT8AJ55H+4g9/4vbHx1I54fS0XuclLhDHArPQCiMjDxjaL8fPxhw==}
    engines: {node: '>=0.12'}

  escalade@3.2.0:
    resolution: {integrity: sha512-WUj2qlxaQtO4g6Pq5c29GTcWGDyd8itL8zTlipgECz3JesAiiOKotd8JU6otB3PACgG6xkJUyVhboMS+bje/jA==}
    engines: {node: '>=6'}

  fill-range@7.1.1:
    resolution: {integrity: sha512-YsGpe3WHLK8ZYi4tWDg2Jy3ebRz2rXowDxnld4bkQB00cc/1Zw9AWnC0i9ztDJitivtQvaI9KaLyKrc+hBW0yg==}
    engines: {node: '>=8'}

  get-caller-file@2.0.5:
    resolution: {integrity: sha512-DyFP3BM/3YHTQOCUL/w0OZHR0lpKeGrxotcHWcqNEdnltqFwXVfhEBQ94eIo34AfQpo0rGki4cyIiftY06h2Fg==}
    engines: {node: 6.* || 8.* || >= 10.*}

  get-east-asian-width@1.6.0:
    resolution: {integrity: sha512-QRbvDIbx6YklUe6RxeTeleMR0yv3cYH6PsPZHcnVn7xv7zO1BHN8r0XETu8n6Ye3Q+ahtSarc3WgtNWmehIBfA==}
    engines: {node: '>=18'}

  graceful-fs@4.2.11:
    resolution: {integrity: sha512-RbJ5/jmFcNNCcDV5o9eTnBLJ/HszWV0P73bc+Ff4nS/rJj+YaS6IGyiOL0VoBYX+l1Wrl3k63h/KrH+nhJ0XvQ==}

  is-extglob@2.1.1:
    resolution: {integrity: sha512-SbKbANkN603Vi4jEZv49LeVJMn4yGwsbzZworEoyEiutsN3nJYdbO36zfhGJ6QEDpOZIFkDtnq5JRxmvl3jsoQ==}
    engines: {node: '>=0.10.0'}

  is-glob@4.0.3:
    resolution: {integrity: sha512-xelSayHH36ZgE7ZWhli7pW34hNbNl8Ojv5KVmkJD4hBdD3th8Tfk9vYasLM+mXWOZhFkgZfxhLSnrwRr4elSSg==}
    engines: {node: '>=0.10.0'}

  is-number@7.0.0:
    resolution: {integrity: sha512-41Cifkg6e8TylSpdtTpeLVMqvSBEVzTttHvERD741+pnZ8ANv0004MRL43QKPDlK9cGvNp6NZWZUBlbGXYxxng==}
    engines: {node: '>=0.12.0'}

  jiti@2.7.0:
    resolution: {integrity: sha512-AC/7JofJvZGrrneWNaEnJeOLUx+JlGt7tNa0wZiRPT4MY1wmfKjt2+6O2p2uz2+skll8OZZmJMNqeke7kKbNgQ==}
    hasBin: true

  lightningcss-android-arm64@1.32.0:
    resolution: {integrity: sha512-YK7/ClTt4kAK0vo6w3X+Pnm0D2cf2vPHbhOXdoNti1Ga0al1P4TBZhwjATvjNwLEBCnKvjJc2jQgHXH0NEwlAg==}
    engines: {node: '>= 12.0.0'}
    cpu: [arm64]
    os: [android]

  lightningcss-darwin-arm64@1.32.0:
    resolution: {integrity: sha512-RzeG9Ju5bag2Bv1/lwlVJvBE3q6TtXskdZLLCyfg5pt+HLz9BqlICO7LZM7VHNTTn/5PRhHFBSjk5lc4cmscPQ==}
    engines: {node: '>= 12.0.0'}
    cpu: [arm64]
    os: [darwin]

  lightningcss-darwin-x64@1.32.0:
    resolution: {integrity: sha512-U+QsBp2m/s2wqpUYT/6wnlagdZbtZdndSmut/NJqlCcMLTWp5muCrID+K5UJ6jqD2BFshejCYXniPDbNh73V8w==}
    engines: {node: '>= 12.0.0'}
    cpu: [x64]
    os: [darwin]

  lightningcss-freebsd-x64@1.32.0:
    resolution: {integrity: sha512-JCTigedEksZk3tHTTthnMdVfGf61Fky8Ji2E4YjUTEQX14xiy/lTzXnu1vwiZe3bYe0q+SpsSH/CTeDXK6WHig==}
    engines: {node: '>= 12.0.0'}
    cpu: [x64]
    os: [freebsd]

  lightningcss-linux-arm-gnueabihf@1.32.0:
    resolution: {integrity: sha512-x6rnnpRa2GL0zQOkt6rts3YDPzduLpWvwAF6EMhXFVZXD4tPrBkEFqzGowzCsIWsPjqSK+tyNEODUBXeeVHSkw==}
    engines: {node: '>= 12.0.0'}
    cpu: [arm]
    os: [linux]

  lightningcss-linux-arm64-gnu@1.32.0:
    resolution: {integrity: sha512-0nnMyoyOLRJXfbMOilaSRcLH3Jw5z9HDNGfT/gwCPgaDjnx0i8w7vBzFLFR1f6CMLKF8gVbebmkUN3fa/kQJpQ==}
    engines: {node: '>= 12.0.0'}
    cpu: [arm64]
    os: [linux]
    libc: [glibc]

  lightningcss-linux-arm64-musl@1.32.0:
    resolution: {integrity: sha512-UpQkoenr4UJEzgVIYpI80lDFvRmPVg6oqboNHfoH4CQIfNA+HOrZ7Mo7KZP02dC6LjghPQJeBsvXhJod/wnIBg==}
    engines: {node: '>= 12.0.0'}
    cpu: [arm64]
    os: [linux]
    libc: [musl]

  lightningcss-linux-x64-gnu@1.32.0:
    resolution: {integrity: sha512-V7Qr52IhZmdKPVr+Vtw8o+WLsQJYCTd8loIfpDaMRWGUZfBOYEJeyJIkqGIDMZPwPx24pUMfwSxxI8phr/MbOA==}
    engines: {node: '>= 12.0.0'}
    cpu: [x64]
    os: [linux]
    libc: [glibc]

  lightningcss-linux-x64-musl@1.32.0:
    resolution: {integrity: sha512-bYcLp+Vb0awsiXg/80uCRezCYHNg1/l3mt0gzHnWV9XP1W5sKa5/TCdGWaR/zBM2PeF/HbsQv/j2URNOiVuxWg==}
    engines: {node: '>= 12.0.0'}
    cpu: [x64]
    os: [linux]
    libc: [musl]

  lightningcss-win32-arm64-msvc@1.32.0:
    resolution: {integrity: sha512-8SbC8BR40pS6baCM8sbtYDSwEVQd4JlFTOlaD3gWGHfThTcABnNDBda6eTZeqbofalIJhFx0qKzgHJmcPTnGdw==}
    engines: {node: '>= 12.0.0'}
    cpu: [arm64]
    os: [win32]

  lightningcss-win32-x64-msvc@1.32.0:
    resolution: {integrity: sha512-Amq9B/SoZYdDi1kFrojnoqPLxYhQ4Wo5XiL8EVJrVsB8ARoC1PWW6VGtT0WKCemjy8aC+louJnjS7U18x3b06Q==}
    engines: {node: '>= 12.0.0'}
    cpu: [x64]
    os: [win32]

  lightningcss@1.32.0:
    resolution: {integrity: sha512-NXYBzinNrblfraPGyrbPoD19C1h9lfI/1mzgWYvXUTe414Gz/X1FD2XBZSZM7rRTrMA8JL3OtAaGifrIKhQ5yQ==}
    engines: {node: '>= 12.0.0'}

  lilconfig@3.1.3:
    resolution: {integrity: sha512-/vlFKAoH5Cgt3Ie+JLhRbwOsCQePABiU3tJ1egGvyQ+33R/vcwM2Zl2QR/LzjsBeItPt3oSVXapn+m4nQDvpzw==}
    engines: {node: '>=14'}

  magic-string@0.30.21:
    resolution: {integrity: sha512-vd2F4YUyEXKGcLHoq+TEyCjxueSeHnFxyyjNp80yg0XV4vUhnDer/lvvlqM/arB5bXQN5K2/3oinyCRyx8T2CQ==}

  mdn-data@2.0.28:
    resolution: {integrity: sha512-aylIc7Z9y4yzHYAJNuESG3hfhC+0Ibp/MAMiaOZgNv4pmEdFyfZhhhny4MNiAfWdBQ1RQ2mfDWmM1x8SvGyp8g==}

  mdn-data@2.27.1:
    resolution: {integrity: sha512-9Yubnt3e8A0OKwxYSXyhLymGW4sCufcLG6VdiDdUGVkPhpqLxlvP5vl1983gQjJl3tqbrM731mjaZaP68AgosQ==}

  micromatch@4.0.8:
    resolution: {integrity: sha512-PXwfBhYu0hBCPw8Dn0E+WDYb7af3dSLVWKi3HGv84IdF4TyFoC0ysxFd0Goxw7nSv4T/PzEJQxsYsEiFCKo2BA==}
    engines: {node: '>=8.6'}

  mri@1.2.0:
    resolution: {integrity: sha512-tzzskb3bG8LvYGFF/mDTpq3jpI6Q9wc3LEmBaghu+DdCssd1FakN7Bc0hVNmEyGq1bq3RgfkCb3cmQLpNPOroA==}
    engines: {node: '>=4'}

  nanoid@3.3.18:
    resolution: {integrity: sha512-DTg4MJbGMWkfi6VZFdNt2/caMbQy4Ou+Op/hJQvGEWcnVfoA1QA+xzRKAzw9jD6+GVOOeYr/mIcuDSdug6F6+w==}
    engines: {node: ^10 || ^12 || ^13.7 || ^14 || >=15.0.1}
    hasBin: true

  node-addon-api@7.1.1:
    resolution: {integrity: sha512-5m3bsyrjFWE1xf7nz7YXdN4udnVtXK6/Yfgn5qnahL6bCkf2yKt4k3nuTKAtT4r3IG8JNR2ncsIMdZuAzJjHQQ==}

  node-releases@2.0.53:
    resolution: {integrity: sha512-D9UOmYG3UH1V+ENW56t5QXBwJw1YEY18ruVeus89Rw+SyIgjPkCO84bRzO3uNIYosJbNwiabWVn48o3uJLjxFQ==}
    engines: {node: '>=18'}

  nth-check@2.1.1:
    resolution: {integrity: sha512-lqjrjmaOoAnWfMmBPL+XNnynZh2+swxiX3WUE0s4yEHI6m+AwrK2UZOimIRl3X/4QctVqS8AiZjFqyOGrMXb/w==}

  picocolors@1.1.1:
    resolution: {integrity: sha512-xceH2snhtb5M9liqDsmEw56le376mTZkEX/jEb/RxNFyegNul7eNslCXP9FDj/Lcu0X8KEyMceP2ntpaHrDEVA==}

  picomatch@2.3.2:
    resolution: {integrity: sha512-V7+vQEJ06Z+c5tSye8S+nHUfI51xoXIXjHQ99cQtKUkQqqO1kO/KCJUfZXuB47h/YBlDhah2H3hdUGXn8ie0oA==}
    engines: {node: '>=8.6'}

  postcss-calc@10.1.1:
    resolution: {integrity: sha512-NYEsLHh8DgG/PRH2+G9BTuUdtf9ViS+vdoQ0YA5OQdGsfN4ztiwtDWNtBl9EKeqNMFnIu8IKZ0cLxEQ5r5KVMw==}
    engines: {node: ^18.12 || ^20.9 || >=22.0}
    peerDependencies:
      postcss: ^8.4.38

  postcss-colormin@8.0.5:
    resolution: {integrity: sha512-U/N+7tkHgHoD24NB6q9k9uFcRfVJRdzVSit0fM0T2L6fvnpUoTIAYgzkyjD56LHEoCoPNfkMcfTB47SW/lNegQ==}
    engines: {node: ^22.11.0 || ^24.11.0 || >=26.0}
    peerDependencies:
      postcss: ^8.5.26

  postcss-convert-values@8.0.4:
    resolution: {integrity: sha512-ifBmAJBfpDymi7r/CqxYRJWlG+BLdVmusUC/kFPOqH/+TitdBeHA68CYqY79wXL+iQnqg6e4LGHA2Mte14X6Ig==}
    engines: {node: ^22.11.0 || ^24.11.0 || >=26.0}
    peerDependencies:
      postcss: ^8.5.26

  postcss-discard-comments@8.0.4:
    resolution: {integrity: sha512-SU1uLYRQPKLJJmqEmqzu+Ze+9xDurBm7m/LOzXG/ANBAfAGLjbQF+oIyZnf3jV3F155q5rRMYXsoTNEJsPyHng==}
    engines: {node: ^22.11.0 || ^24.11.0 || >=26.0}
    peerDependencies:
      postcss: ^8.5.26

  postcss-discard-duplicates@8.0.4:
    resolution: {integrity: sha512-/ugMYYTE+IpHpTmwz6/S8w+blCz9pZNroUgadTdlbPnHoLLWis9QvwmoyWui2mOgFzuRM6Me7AnoGU3i0Ua2ng==}
    engines: {node: ^22.11.0 || ^24.11.0 || >=26.0}
    peerDependencies:
      postcss: ^8.5.26

  postcss-discard-empty@8.0.5:
    resolution: {integrity: sha512-im0QtfNFa6V3SGPrfqzrWYuhzSz1ztWORKsuhZHQbWdKMh0DiNj3pmqBnABbhdKjyeW6nZ1oZYGh4dMc3biyaw==}
    engines: {node: ^22.11.0 || ^24.11.0 || >=26.0}
    peerDependencies:
      postcss: ^8.5.26

  postcss-discard-overridden@8.0.4:
    resolution: {integrity: sha512-NqupxmnSSfWPJJDYbQk1qXWRwr+lw4Kyp/LSOjqwTpy/vSwo34EVXYKywgemSWpgh39P7Cs/G+tqynbRlXoJhw==}
    engines: {node: ^22.11.0 || ^24.11.0 || >=26.0}
    peerDependencies:
      postcss: ^8.5.26

  postcss-merge-longhand@8.0.4:
    resolution: {integrity: sha512-ammolHhMvuTz/L9YN/ge1SWbUDcD3Y9o2gXlo3S6H4MCJHheyVPwcI/LAnSuNT4gcUmSF9pNTXo7+3M/2MFPAQ==}
    engines: {node: ^22.11.0 || ^24.11.0 || >=26.0}
    peerDependencies:
      postcss: ^8.5.26

  postcss-merge-rules@8.0.5:
    resolution: {integrity: sha512-jz+QaKz4VhjsqTVsJMRuH+EvrX1F9l6kYFuF8g6geVxFoYnPEZN4G+zqCb6zhxOIcc2aeAo38XEl2pOIZi2gBw==}
    engines: {node: ^22.11.0 || ^24.11.0 || >=26.0}
    peerDependencies:
      postcss: ^8.5.26

  postcss-minify-font-values@8.0.4:
    resolution: {integrity: sha512-wZZgJ87U5WbQCEM0EOY/oM7M1a+sqW6vrOClGC9lNbsY0HYmbMFvFuukBn8PzF+ikKmaT0QB+uSAHTRLzMkD+A==}
    engines: {node: ^22.11.0 || ^24.11.0 || >=26.0}
    peerDependencies:
      postcss: ^8.5.26

  postcss-minify-gradients@8.0.6:
    resolution: {integrity: sha512-NsqlG34WSO44NOHVT6m6ZWpN80fK2l5Zt73PMDXBJKT6fO6GPnI0NBi6xIVFr/naej3ukVUlIFQGxb7JGaa9Zg==}
    engines: {node: ^22.11.0 || ^24.11.0 || >=26.0}
    peerDependencies:
      postcss: ^8.5.26

  postcss-minify-params@8.0.4:
    resolution: {integrity: sha512-TDx9O/ni7KazRK32pVvoo3MjExyVxWE0949vB2XZ0oHnxdAtQFHa9oG21wWkvsOL3osjiOVejwDLe6a0d0EuSw==}
    engines: {node: ^22.11.0 || ^24.11.0 || >=26.0}
    peerDependencies:
      postcss: ^8.5.26

  postcss-minify-selectors@8.0.5:
    resolution: {integrity: sha512-i+PlhVCaPa7xevjhpActH2PrP27kDNSuuFf/ZGk8YrIcd1pd3Mfcfiv8H7dbY1/vz7U+QparioAtJaFV+IEwQg==}
    engines: {node: ^22.11.0 || ^24.11.0 || >=26.0}
    peerDependencies:
      postcss: ^8.5.26

  postcss-normalize-charset@8.0.5:
    resolution: {integrity: sha512-l0L1rIe9YHbLaf4xfL2pkkQV3gq/QIy8D0bjsaHYdGVgR+eQk7IBp3dUdIKe6XuG7DzFiCwJn248nvAFAi5CjA==}
    engines: {node: ^22.11.0 || ^24.11.0 || >=26.0}
    peerDependencies:
      postcss: ^8.5.26

  postcss-normalize-display-values@8.0.4:
    resolution: {integrity: sha512-F8DGtzelJDV6S5mhcugc+EJ8sXI+kFv2PBedkfMWqd8mvTE4qyy3kva6AQwjy2+L2lZ9TGTkSumdq+n3EhGeAw==}
    engines: {node: ^22.11.0 || ^24.11.0 || >=26.0}
    peerDependencies:
      postcss: ^8.5.26

  postcss-normalize-positions@8.0.4:
    resolution: {integrity: sha512-anOMhqe6Z0OP4jvchK1v1hIG08kO7rsp8uHrxT2+XaKp8wbvVcUO3QHUzRmQDazWUPtRzy1h2UlixyJenF42sg==}
    engines: {node: ^22.11.0 || ^24.11.0 || >=26.0}
    peerDependencies:
      postcss: ^8.5.26

  postcss-normalize-repeat-style@8.0.4:
    resolution: {integrity: sha512-vY8+k+/bFT7B8gzlHVye8FxBTMEpUAQxAgb4UYFAGGsKmXfwEvc7VPs+kpFNrTeqVKAvVh8+VVhZ+f3S4TWJPg==}
    engines: {node: ^22.11.0 || ^24.11.0 || >=26.0}
    peerDependencies:
      postcss: ^8.5.26

  postcss-normalize-string@8.0.4:
    resolution: {integrity: sha512-dWnV1frIV1XUlSYzJudceAbQ7PGyho9EgVHQXMcAoog6Nwnet3G9rz8IXcCb0EF2eefmpYG9hDT9+yWJOxc5zw==}
    engines: {node: ^22.11.0 || ^24.11.0 || >=26.0}
    peerDependencies:
      postcss: ^8.5.26

  postcss-normalize-timing-functions@8.0.4:
    resolution: {integrity: sha512-VANJsokAWdQ03ZJwmcdEKXJjVHRtMgalB/BgbCgN3CRTdbwB5TXlSDRmdShSCxpnZs8WLAm0mPa//p5o5D/ZTg==}
    engines: {node: ^22.11.0 || ^24.11.0 || >=26.0}
    peerDependencies:
      postcss: ^8.5.26

  postcss-normalize-unicode@8.0.4:
    resolution: {integrity: sha512-SxVEoFdYed0bxxwZwAXnaAZ2lzNb5jtiQvYWyMIEqnGOzCuztWpVO8LvsqpOfUIacOb6oYaWi7WOAZR36OhYqw==}
    engines: {node: ^22.11.0 || ^24.11.0 || >=26.0}
    peerDependencies:
      postcss: ^8.5.26

  postcss-normalize-url@8.0.4:
    resolution: {integrity: sha512-JKZW8KRHkLEYkUb/55n3knDUMZeyvxlTv7ZA82bcHiCjL81b0Yyf9fIUBAYKZ6ucDgKfCDM78xhXuteVlk/o9Q==}
    engines: {node: ^22.11.0 || ^24.11.0 || >=26.0}
    peerDependencies:
      postcss: ^8.5.26

  postcss-normalize-whitespace@8.0.5:
    resolution: {integrity: sha512-xuFovful3vVIA9fWWmAL2pG1Qr95Udj2MrLgjU50C6r+Xnh3s6t2BN1xXQ8lnCOCAtzMvMpPWYlnAh4nSv5VEQ==}
    engines: {node: ^22.11.0 || ^24.11.0 || >=26.0}
    peerDependencies:
      postcss: ^8.5.26

  postcss-ordered-values@8.0.5:
    resolution: {integrity: sha512-aDL7nPR7w1foUqo4rN6QY1Kr45+SYELnmUg5taZehh7FfFdxQmUjbuOOBuffIXjiHV45zqgFHCb4azsWW19jyw==}
    engines: {node: ^22.11.0 || ^24.11.0 || >=26.0}
    peerDependencies:
      postcss: ^8.5.26

  postcss-reduce-initial@8.0.5:
    resolution: {integrity: sha512-Bh5d7zjH1Ai9LzJ1qULUZIaC18cniD+wA6gFlOPglMxJRC7meXbuPvpJ/zHQGg5QKwQgit++XQhDTiEIhCk8Ow==}
    engines: {node: ^22.11.0 || ^24.11.0 || >=26.0}
    peerDependencies:
      postcss: ^8.5.26

  postcss-reduce-transforms@8.0.4:
    resolution: {integrity: sha512-ZGU7/R0GmjE3x2mOGB0g9Ohx74X+JjYX62RB5IBYLOe6R0fuHGZ76HtTY2CdM5NE8Yey/ew5clEf8iZQnjDjWA==}
    engines: {node: ^22.11.0 || ^24.11.0 || >=26.0}
    peerDependencies:
      postcss: ^8.5.26

  postcss-selector-parser@7.1.5:
    resolution: {integrity: sha512-KvvtD7SrlBP7dlgkBghEE3r84CABm5SmV2aNcG4oCA+qDnJ/tvKonFVvwWAyyWUEwxuNawdfEAZKP9zM3oZ2Uw==}
    engines: {node: '>=4'}

  postcss-svgo@8.0.6:
    resolution: {integrity: sha512-auQHNmduFFHzz1sWYM3sroW7IDMzxshlLjnwAALfkrAgPegHFats+jMK6BRCcdIulxPmqXFSQvgoAX4vw8I59g==}
    engines: {node: ^22.11.0 || ^24.11.0 || >=26.0}
    peerDependencies:
      postcss: ^8.5.26

  postcss-unique-selectors@8.0.4:
    resolution: {integrity: sha512-Sby0EtmD1mlvcZSWP5eXjxhxVgvXE5QVRzd+8NH0IbF+lYQIM57ybwAvJYYtI/fexMgCWcRnDETovjKOcLJb8w==}
    engines: {node: ^22.11.0 || ^24.11.0 || >=26.0}
    peerDependencies:
      postcss: ^8.5.26

  postcss-value-parser@4.2.0:
    resolution: {integrity: sha512-1NNCs6uurfkVbeXG4S8JFT9t19m45ICnif8zWLd5oPSZ50QnwMfK+H3jv408d4jw/7Bttv5axS5IiHoLaVNHeQ==}

  postcss@8.5.26:
    resolution: {integrity: sha512-u82N74LFzG8ca+dD8puPnplTXoGH4fTPpVGuIbt36G3qvNlkvfD0lEAZSxaly3KX8TS/L1A1gsCEmvKmBcVbkQ==}
    engines: {node: ^10 || ^12 || >=14}

  rxjs@7.8.2:
    resolution: {integrity: sha512-dhKf903U/PQZY6boNNtAGdWbG85WAbjT/1xYoZIC7FAY0yWapOBQVsVrDl58W86//e1VpMNBtRV4MaXfdMySFA==}

  sax@1.6.1:
    resolution: {integrity: sha512-42tBVwLWnaQvW5zc4HbZrTuWccECCZfBi92FDuwtqxasH+JbPB3/FOKb1m222K42R4WxuxzzMsTswfzgtSu64Q==}
    engines: {node: '>=11.0.0'}

  shell-quote@1.9.0:
    resolution: {integrity: sha512-Iov+JwFv/2HcTpcwNMKd8+IWNb8tboQJNQTkAY/LLVK7gGH9jy+LGkVqPxfekHl+yMmiqXszdGWXgkfml7hjqA==}
    engines: {node: '>= 0.4'}

  source-map-js@1.2.1:
    resolution: {integrity: sha512-UXWMKhLOwVKb728IUtQPXxfYU+usdybtUrK/8uGE8CQMvrhOpwvzDBwj0QhSL7MQc7vIsISBG8VQ8+IDQxpfQA==}
    engines: {node: '>=0.10.0'}

  string-width@7.2.0:
    resolution: {integrity: sha512-tsaTIkKW9b4N+AEj+SVA+WhJzV7/zMhcSu78mLKWSk7cXMOSHsBKFWUs0fWwq8QyK3MgJBQRX6Gbi4kYbdvGkQ==}
    engines: {node: '>=18'}

  strip-ansi@7.2.0:
    resolution: {integrity: sha512-yDPMNjp4WyfYBkHnjIRLfca1i6KMyGCtsVgoKe/z1+6vukgaENdgGBZt+ZmKPc4gavvEZ5OgHfHdrazhgNyG7w==}
    engines: {node: '>=12'}

  stylehacks@8.0.4:
    resolution: {integrity: sha512-irgZeyYBFVkb8k7yTRQ9No/bTniTGqzptGVMG1/Mj3N2YnI8nIozzY1pcok4i01NfrCSqvc0PdQB6O6kr6dJHw==}
    engines: {node: ^22.11.0 || ^24.11.0 || >=26.0}
    peerDependencies:
      postcss: ^8.5.26

  supports-color@10.2.2:
    resolution: {integrity: sha512-SS+jx45GF1QjgEXQx4NJZV9ImqmO2NPz5FNsIHrsDjh2YsHnawpan7SNQ1o8NuhrbHZy9AZhIoCUiCeaW/C80g==}
    engines: {node: '>=18'}

  svgo@4.1.0:
    resolution: {integrity: sha512-bkxnTg1kSU0guhIBmibA6UUhrQmPVA1XsQLN+ylCd+UWzbnLkySOcXpyk1mrl05f+pcaCx2eHb+sp6BgMZWX+Q==}
    engines: {node: '>=16'}
    hasBin: true

  tailwindcss@4.3.3:
    resolution: {integrity: sha512-gOhV3P7ufE62QDGg1zVaTgCR+EtPv92k2nIhVcVKcLmxT1sUBsQGhnZj175j+MqRt4zLF7ic+sCYjfhxMxj7YQ==}

  tapable@2.3.3:
    resolution: {integrity: sha512-uxc/zpqFg6x7C8vOE7lh6Lbda8eEL9zmVm/PLeTPBRhh1xCgdWaQ+J1CUieGpIfm2HdtsUpRv+HshiasBMcc6A==}
    engines: {node: '>=6'}

  to-regex-range@5.0.1:
    resolution: {integrity: sha512-65P7iz6X5yEr1cwcgvQxbbIw7Uk3gOy5dIdtZ4rDveLqhrdJP+Li/Hx6tyK0NEb+2GCyneCMJiGqrADCSNk8sQ==}
    engines: {node: '>=8.0'}

  tree-kill@1.2.2:
    resolution: {integrity: sha512-L0Orpi8qGpRG//Nd+H90vFB+3iHnue1zSSGmNOOCh1GLJ7rUKVwV2HvijphGQS2UmhUZewS9VgvxYIdgr+fG1A==}
    hasBin: true

  tslib@2.8.1:
    resolution: {integrity: sha512-oJFu94HQb+KVduSUQL7wnpmqnfmLsOA/nAh6b6EH0wCEoK0/mPeXU6c3wKDV83MkOuHPRHtSXKKU99IBazS/2w==}

  update-browserslist-db@1.3.1:
    resolution: {integrity: sha512-ZZ61DsRsOnakl74HAmp3oSN4aXUmEWXf+i/yv0h7tIBfICc3VdrFErQKUUKPgu3AMsTUMbcongALEN4l6GSUrQ==}
    hasBin: true
    peerDependencies:
      browserslist: '>= 4.21.0'

  util-deprecate@1.0.2:
    resolution: {integrity: sha512-EPD5q1uXyFxJpCrLnCc1nHnq3gOa6DZBocAIiI2TaSCA7VCJ1UJDMagCzIkXNsUYfD1daK//LTEQ8xiIbrHtcw==}

  wrap-ansi@9.0.2:
    resolution: {integrity: sha512-42AtmgqjV+X1VpdOfyTGOYRi0/zsoLqtXQckTmqTeybT+BDIbM/Guxo7x3pE2vtpr1ok6xRqM9OpBe+Jyoqyww==}
    engines: {node: '>=18'}

  y18n@5.0.8:
    resolution: {integrity: sha512-0pfFzegeDWJHJIAmTLRP2DwHjdF5s7jo9tuztdQxAhINCdvS+3nGINqPd00AphqJR/0LhANUS6/+7SCb98YOfA==}
    engines: {node: '>=10'}

  yargs-parser@22.0.0:
    resolution: {integrity: sha512-rwu/ClNdSMpkSrUb+d6BRsSkLUq1fmfsY6TOpYzTwvwkg1/NRG85KBy3kq++A8LKQwX6lsu+aWad+2khvuXrqw==}
    engines: {node: ^20.19.0 || ^22.12.0 || >=23}

  yargs@18.0.0:
    resolution: {integrity: sha512-4UEqdc2RYGHZc7Doyqkrqiln3p9X2DZVxaGbwhn2pi7MrRagKaOcIKe8L3OxYcbhXLgLFUS3zAYuQjKBQgmuNg==}
    engines: {node: ^20.19.0 || ^22.12.0 || >=23}

snapshots:

  '@biomejs/biome@2.5.11':
    optionalDependencies:
      '@biomejs/cli-darwin-arm64': 2.5.11
      '@biomejs/cli-darwin-x64': 2.5.11
      '@biomejs/cli-linux-arm64': 2.5.11
      '@biomejs/cli-linux-arm64-musl': 2.5.11
      '@biomejs/cli-linux-x64': 2.5.11
      '@biomejs/cli-linux-x64-musl': 2.5.11
      '@biomejs/cli-win32-arm64': 2.5.11
      '@biomejs/cli-win32-x64': 2.5.11

  '@biomejs/cli-darwin-arm64@2.5.11':
    optional: true

  '@biomejs/cli-darwin-x64@2.5.11':
    optional: true

  '@biomejs/cli-linux-arm64-musl@2.5.11':
    optional: true

  '@biomejs/cli-linux-arm64@2.5.11':
    optional: true

  '@biomejs/cli-linux-x64-musl@2.5.11':
    optional: true

  '@biomejs/cli-linux-x64@2.5.11':
    optional: true

  '@biomejs/cli-win32-arm64@2.5.11':
    optional: true

  '@biomejs/cli-win32-x64@2.5.11':
    optional: true

  '@colordx/core@5.6.0': {}

  '@jridgewell/gen-mapping@0.3.13':
    dependencies:
      '@jridgewell/sourcemap-codec': 1.5.5
      '@jridgewell/trace-mapping': 0.3.31

  '@jridgewell/remapping@2.3.5':
    dependencies:
      '@jridgewell/gen-mapping': 0.3.13
      '@jridgewell/trace-mapping': 0.3.31

  '@jridgewell/resolve-uri@3.1.2': {}

  '@jridgewell/sourcemap-codec@1.5.5': {}

  '@jridgewell/trace-mapping@0.3.31':
    dependencies:
      '@jridgewell/resolve-uri': 3.1.2
      '@jridgewell/sourcemap-codec': 1.5.5

  '@parcel/watcher-android-arm64@2.5.1':
    optional: true

  '@parcel/watcher-darwin-arm64@2.5.1':
    optional: true

  '@parcel/watcher-darwin-x64@2.5.1':
    optional: true

  '@parcel/watcher-freebsd-x64@2.5.1':
    optional: true

  '@parcel/watcher-linux-arm-glibc@2.5.1':
    optional: true

  '@parcel/watcher-linux-arm-musl@2.5.1':
    optional: true

  '@parcel/watcher-linux-arm64-glibc@2.5.1':
    optional: true

  '@parcel/watcher-linux-arm64-musl@2.5.1':
    optional: true

  '@parcel/watcher-linux-x64-glibc@2.5.1':
    optional: true

  '@parcel/watcher-linux-x64-musl@2.5.1':
    optional: true

  '@parcel/watcher-win32-arm64@2.5.1':
    optional: true

  '@parcel/watcher-win32-ia32@2.5.1':
    optional: true

  '@parcel/watcher-win32-x64@2.5.1':
    optional: true

  '@parcel/watcher@2.5.1':
    dependencies:
      detect-libc: 1.0.3
      is-glob: 4.0.3
      micromatch: 4.0.8
      node-addon-api: 7.1.1
    optionalDependencies:
      '@parcel/watcher-android-arm64': 2.5.1
      '@parcel/watcher-darwin-arm64': 2.5.1
      '@parcel/watcher-darwin-x64': 2.5.1
      '@parcel/watcher-freebsd-x64': 2.5.1
      '@parcel/watcher-linux-arm-glibc': 2.5.1
      '@parcel/watcher-linux-arm-musl': 2.5.1
      '@parcel/watcher-linux-arm64-glibc': 2.5.1
      '@parcel/watcher-linux-arm64-musl': 2.5.1
      '@parcel/watcher-linux-x64-glibc': 2.5.1
      '@parcel/watcher-linux-x64-musl': 2.5.1
      '@parcel/watcher-win32-arm64': 2.5.1
      '@parcel/watcher-win32-ia32': 2.5.1
      '@parcel/watcher-win32-x64': 2.5.1

  '@tailwindcss/cli@4.3.3':
    dependencies:
      '@parcel/watcher': 2.5.1
      '@tailwindcss/node': 4.3.3
      '@tailwindcss/oxide': 4.3.3
      enhanced-resolve: 5.24.5
      mri: 1.2.0
      picocolors: 1.1.1
      tailwindcss: 4.3.3

  '@tailwindcss/node@4.3.3':
    dependencies:
      '@jridgewell/remapping': 2.3.5
      enhanced-resolve: 5.24.5
      jiti: 2.7.0
      lightningcss: 1.32.0
      magic-string: 0.30.21
      source-map-js: 1.2.1
      tailwindcss: 4.3.3

  '@tailwindcss/oxide-android-arm64@4.3.3':
    optional: true

  '@tailwindcss/oxide-darwin-arm64@4.3.3':
    optional: true

  '@tailwindcss/oxide-darwin-x64@4.3.3':
    optional: true

  '@tailwindcss/oxide-freebsd-x64@4.3.3':
    optional: true

  '@tailwindcss/oxide-linux-arm-gnueabihf@4.3.3':
    optional: true

  '@tailwindcss/oxide-linux-arm64-gnu@4.3.3':
    optional: true

  '@tailwindcss/oxide-linux-arm64-musl@4.3.3':
    optional: true

  '@tailwindcss/oxide-linux-x64-gnu@4.3.3':
    optional: true

  '@tailwindcss/oxide-linux-x64-musl@4.3.3':
    optional: true

  '@tailwindcss/oxide-wasm32-wasi@4.3.3':
    optional: true

  '@tailwindcss/oxide-win32-arm64-msvc@4.3.3':
    optional: true

  '@tailwindcss/oxide-win32-x64-msvc@4.3.3':
    optional: true

  '@tailwindcss/oxide@4.3.3':
    optionalDependencies:
      '@tailwindcss/oxide-android-arm64': 4.3.3
      '@tailwindcss/oxide-darwin-arm64': 4.3.3
      '@tailwindcss/oxide-darwin-x64': 4.3.3
      '@tailwindcss/oxide-freebsd-x64': 4.3.3
      '@tailwindcss/oxide-linux-arm-gnueabihf': 4.3.3
      '@tailwindcss/oxide-linux-arm64-gnu': 4.3.3
      '@tailwindcss/oxide-linux-arm64-musl': 4.3.3
      '@tailwindcss/oxide-linux-x64-gnu': 4.3.3
      '@tailwindcss/oxide-linux-x64-musl': 4.3.3
      '@tailwindcss/oxide-wasm32-wasi': 4.3.3
      '@tailwindcss/oxide-win32-arm64-msvc': 4.3.3
      '@tailwindcss/oxide-win32-x64-msvc': 4.3.3

  ansi-regex@6.3.0: {}

  ansi-styles@6.2.3: {}

  baseline-browser-mapping@2.11.13: {}

  boolbase@1.0.0: {}

  braces@3.0.3:
    dependencies:
      fill-range: 7.1.1

  browserslist@4.28.8:
    dependencies:
      baseline-browser-mapping: 2.11.13
      caniuse-lite: 1.0.30001809
      electron-to-chromium: 1.5.405
      node-releases: 2.0.53
      update-browserslist-db: 1.3.1(browserslist@4.28.8)

  caniuse-api@4.0.0:
    dependencies:
      browserslist: 4.28.8
      caniuse-lite: 1.0.30001809

  caniuse-lite@1.0.30001809: {}

  chalk@5.6.2: {}

  cliui@9.0.1:
    dependencies:
      string-width: 7.2.0
      strip-ansi: 7.2.0
      wrap-ansi: 9.0.2

  commander@11.1.0: {}

  concurrently@10.0.5:
    dependencies:
      chalk: 5.6.2
      rxjs: 7.8.2
      shell-quote: 1.9.0
      supports-color: 10.2.2
      tree-kill: 1.2.2
      yargs: 18.0.0

  css-select@6.0.0:
    dependencies:
      boolbase: 1.0.0
      css-what: 7.0.0
      domhandler: 5.0.3
      domutils: 3.2.2
      nth-check: 2.1.1

  css-tree@2.2.1:
    dependencies:
      mdn-data: 2.0.28
      source-map-js: 1.2.1

  css-tree@3.2.1:
    dependencies:
      mdn-data: 2.27.1
      source-map-js: 1.2.1

  css-what@7.0.0: {}

  cssesc@3.0.0: {}

  cssnano-preset-default@8.0.10(postcss@8.5.26):
    dependencies:
      browserslist: 4.28.8
      cssnano-utils: 6.0.4(postcss@8.5.26)
      postcss: 8.5.26
      postcss-calc: 10.1.1(postcss@8.5.26)
      postcss-colormin: 8.0.5(postcss@8.5.26)
      postcss-convert-values: 8.0.4(postcss@8.5.26)
      postcss-discard-comments: 8.0.4(postcss@8.5.26)
      postcss-discard-duplicates: 8.0.4(postcss@8.5.26)
      postcss-discard-empty: 8.0.5(postcss@8.5.26)
      postcss-discard-overridden: 8.0.4(postcss@8.5.26)
      postcss-merge-longhand: 8.0.4(postcss@8.5.26)
      postcss-merge-rules: 8.0.5(postcss@8.5.26)
      postcss-minify-font-values: 8.0.4(postcss@8.5.26)
      postcss-minify-gradients: 8.0.6(postcss@8.5.26)
      postcss-minify-params: 8.0.4(postcss@8.5.26)
      postcss-minify-selectors: 8.0.5(postcss@8.5.26)
      postcss-normalize-charset: 8.0.5(postcss@8.5.26)
      postcss-normalize-display-values: 8.0.4(postcss@8.5.26)
      postcss-normalize-positions: 8.0.4(postcss@8.5.26)
      postcss-normalize-repeat-style: 8.0.4(postcss@8.5.26)
      postcss-normalize-string: 8.0.4(postcss@8.5.26)
      postcss-normalize-timing-functions: 8.0.4(postcss@8.5.26)
      postcss-normalize-unicode: 8.0.4(postcss@8.5.26)
      postcss-normalize-url: 8.0.4(postcss@8.5.26)
      postcss-normalize-whitespace: 8.0.5(postcss@8.5.26)
      postcss-ordered-values: 8.0.5(postcss@8.5.26)
      postcss-reduce-initial: 8.0.5(postcss@8.5.26)
      postcss-reduce-transforms: 8.0.4(postcss@8.5.26)
      postcss-svgo: 8.0.6(postcss@8.5.26)
      postcss-unique-selectors: 8.0.4(postcss@8.5.26)

  cssnano-utils@6.0.4(postcss@8.5.26):
    dependencies:
      postcss: 8.5.26

  cssnano@8.0.10(postcss@8.5.26):
    dependencies:
      cssnano-preset-default: 8.0.10(postcss@8.5.26)
      lilconfig: 3.1.3
      postcss: 8.5.26

  csso@5.0.5:
    dependencies:
      css-tree: 2.2.1

  detect-libc@1.0.3: {}

  detect-libc@2.1.2: {}

  dom-serializer@2.0.0:
    dependencies:
      domelementtype: 2.3.0
      domhandler: 5.0.3
      entities: 4.5.0

  domelementtype@2.3.0: {}

  domhandler@5.0.3:
    dependencies:
      domelementtype: 2.3.0

  domutils@3.2.2:
    dependencies:
      dom-serializer: 2.0.0
      domelementtype: 2.3.0
      domhandler: 5.0.3

  electron-to-chromium@1.5.405: {}

  emoji-regex@10.6.0: {}

  enhanced-resolve@5.24.5:
    dependencies:
      graceful-fs: 4.2.11
      tapable: 2.3.3

  entities@4.5.0: {}

  escalade@3.2.0: {}

  fill-range@7.1.1:
    dependencies:
      to-regex-range: 5.0.1

  get-caller-file@2.0.5: {}

  get-east-asian-width@1.6.0: {}

  graceful-fs@4.2.11: {}

  is-extglob@2.1.1: {}

  is-glob@4.0.3:
    dependencies:
      is-extglob: 2.1.1

  is-number@7.0.0: {}

  jiti@2.7.0: {}

  lightningcss-android-arm64@1.32.0:
    optional: true

  lightningcss-darwin-arm64@1.32.0:
    optional: true

  lightningcss-darwin-x64@1.32.0:
    optional: true

  lightningcss-freebsd-x64@1.32.0:
    optional: true

  lightningcss-linux-arm-gnueabihf@1.32.0:
    optional: true

  lightningcss-linux-arm64-gnu@1.32.0:
    optional: true

  lightningcss-linux-arm64-musl@1.32.0:
    optional: true

  lightningcss-linux-x64-gnu@1.32.0:
    optional: true

  lightningcss-linux-x64-musl@1.32.0:
    optional: true

  lightningcss-win32-arm64-msvc@1.32.0:
    optional: true

  lightningcss-win32-x64-msvc@1.32.0:
    optional: true

  lightningcss@1.32.0:
    dependencies:
      detect-libc: 2.1.2
    optionalDependencies:
      lightningcss-android-arm64: 1.32.0
      lightningcss-darwin-arm64: 1.32.0
      lightningcss-darwin-x64: 1.32.0
      lightningcss-freebsd-x64: 1.32.0
      lightningcss-linux-arm-gnueabihf: 1.32.0
      lightningcss-linux-arm64-gnu: 1.32.0
      lightningcss-linux-arm64-musl: 1.32.0
      lightningcss-linux-x64-gnu: 1.32.0
      lightningcss-linux-x64-musl: 1.32.0
      lightningcss-win32-arm64-msvc: 1.32.0
      lightningcss-win32-x64-msvc: 1.32.0

  lilconfig@3.1.3: {}

  magic-string@0.30.21:
    dependencies:
      '@jridgewell/sourcemap-codec': 1.5.5

  mdn-data@2.0.28: {}

  mdn-data@2.27.1: {}

  micromatch@4.0.8:
    dependencies:
      braces: 3.0.3
      picomatch: 2.3.2

  mri@1.2.0: {}

  nanoid@3.3.18: {}

  node-addon-api@7.1.1: {}

  node-releases@2.0.53: {}

  nth-check@2.1.1:
    dependencies:
      boolbase: 1.0.0

  picocolors@1.1.1: {}

  picomatch@2.3.2: {}

  postcss-calc@10.1.1(postcss@8.5.26):
    dependencies:
      postcss: 8.5.26
      postcss-selector-parser: 7.1.5
      postcss-value-parser: 4.2.0

  postcss-colormin@8.0.5(postcss@8.5.26):
    dependencies:
      '@colordx/core': 5.6.0
      browserslist: 4.28.8
      caniuse-api: 4.0.0
      postcss: 8.5.26
      postcss-value-parser: 4.2.0

  postcss-convert-values@8.0.4(postcss@8.5.26):
    dependencies:
      browserslist: 4.28.8
      postcss: 8.5.26
      postcss-value-parser: 4.2.0

  postcss-discard-comments@8.0.4(postcss@8.5.26):
    dependencies:
      postcss: 8.5.26
      postcss-selector-parser: 7.1.5

  postcss-discard-duplicates@8.0.4(postcss@8.5.26):
    dependencies:
      postcss: 8.5.26

  postcss-discard-empty@8.0.5(postcss@8.5.26):
    dependencies:
      postcss: 8.5.26

  postcss-discard-overridden@8.0.4(postcss@8.5.26):
    dependencies:
      postcss: 8.5.26

  postcss-merge-longhand@8.0.4(postcss@8.5.26):
    dependencies:
      postcss: 8.5.26
      postcss-value-parser: 4.2.0
      stylehacks: 8.0.4(postcss@8.5.26)

  postcss-merge-rules@8.0.5(postcss@8.5.26):
    dependencies:
      browserslist: 4.28.8
      caniuse-api: 4.0.0
      cssnano-utils: 6.0.4(postcss@8.5.26)
      postcss: 8.5.26
      postcss-selector-parser: 7.1.5

  postcss-minify-font-values@8.0.4(postcss@8.5.26):
    dependencies:
      postcss: 8.5.26
      postcss-value-parser: 4.2.0

  postcss-minify-gradients@8.0.6(postcss@8.5.26):
    dependencies:
      '@colordx/core': 5.6.0
      cssnano-utils: 6.0.4(postcss@8.5.26)
      postcss: 8.5.26
      postcss-value-parser: 4.2.0

  postcss-minify-params@8.0.4(postcss@8.5.26):
    dependencies:
      browserslist: 4.28.8
      cssnano-utils: 6.0.4(postcss@8.5.26)
      postcss: 8.5.26
      postcss-value-parser: 4.2.0

  postcss-minify-selectors@8.0.5(postcss@8.5.26):
    dependencies:
      browserslist: 4.28.8
      caniuse-api: 4.0.0
      cssesc: 3.0.0
      postcss: 8.5.26
      postcss-selector-parser: 7.1.5

  postcss-normalize-charset@8.0.5(postcss@8.5.26):
    dependencies:
      postcss: 8.5.26

  postcss-normalize-display-values@8.0.4(postcss@8.5.26):
    dependencies:
      postcss: 8.5.26
      postcss-value-parser: 4.2.0

  postcss-normalize-positions@8.0.4(postcss@8.5.26):
    dependencies:
      postcss: 8.5.26
      postcss-value-parser: 4.2.0

  postcss-normalize-repeat-style@8.0.4(postcss@8.5.26):
    dependencies:
      postcss: 8.5.26
      postcss-value-parser: 4.2.0

  postcss-normalize-string@8.0.4(postcss@8.5.26):
    dependencies:
      postcss: 8.5.26
      postcss-value-parser: 4.2.0

  postcss-normalize-timing-functions@8.0.4(postcss@8.5.26):
    dependencies:
      postcss: 8.5.26
      postcss-value-parser: 4.2.0

  postcss-normalize-unicode@8.0.4(postcss@8.5.26):
    dependencies:
      browserslist: 4.28.8
      postcss: 8.5.26
      postcss-value-parser: 4.2.0

  postcss-normalize-url@8.0.4(postcss@8.5.26):
    dependencies:
      postcss: 8.5.26
      postcss-value-parser: 4.2.0

  postcss-normalize-whitespace@8.0.5(postcss@8.5.26):
    dependencies:
      postcss: 8.5.26
      postcss-value-parser: 4.2.0

  postcss-ordered-values@8.0.5(postcss@8.5.26):
    dependencies:
      cssnano-utils: 6.0.4(postcss@8.5.26)
      postcss: 8.5.26
      postcss-value-parser: 4.2.0

  postcss-reduce-initial@8.0.5(postcss@8.5.26):
    dependencies:
      browserslist: 4.28.8
      caniuse-api: 4.0.0
      postcss: 8.5.26

  postcss-reduce-transforms@8.0.4(postcss@8.5.26):
    dependencies:
      postcss: 8.5.26
      postcss-value-parser: 4.2.0

  postcss-selector-parser@7.1.5:
    dependencies:
      cssesc: 3.0.0
      util-deprecate: 1.0.2

  postcss-svgo@8.0.6(postcss@8.5.26):
    dependencies:
      postcss: 8.5.26
      postcss-value-parser: 4.2.0
      svgo: 4.1.0

  postcss-unique-selectors@8.0.4(postcss@8.5.26):
    dependencies:
      postcss: 8.5.26
      postcss-selector-parser: 7.1.5

  postcss-value-parser@4.2.0: {}

  postcss@8.5.26:
    dependencies:
      nanoid: 3.3.18
      picocolors: 1.1.1
      source-map-js: 1.2.1

  rxjs@7.8.2:
    dependencies:
      tslib: 2.8.1

  sax@1.6.1: {}

  shell-quote@1.9.0: {}

  source-map-js@1.2.1: {}

  string-width@7.2.0:
    dependencies:
      emoji-regex: 10.6.0
      get-east-asian-width: 1.6.0
      strip-ansi: 7.2.0

  strip-ansi@7.2.0:
    dependencies:
      ansi-regex: 6.3.0

  stylehacks@8.0.4(postcss@8.5.26):
    dependencies:
      browserslist: 4.28.8
      postcss: 8.5.26
      postcss-selector-parser: 7.1.5

  supports-color@10.2.2: {}

  svgo@4.1.0:
    dependencies:
      commander: 11.1.0
      css-select: 6.0.0
      css-tree: 3.2.1
      css-what: 7.0.0
      csso: 5.0.5
      picocolors: 1.1.1
      sax: 1.6.1

  tailwindcss@4.3.3: {}

  tapable@2.3.3: {}

  to-regex-range@5.0.1:
    dependencies:
      is-number: 7.0.0

  tree-kill@1.2.2: {}

  tslib@2.8.1: {}

  update-browserslist-db@1.3.1(browserslist@4.28.8):
    dependencies:
      browserslist: 4.28.8
      escalade: 3.2.0
      picocolors: 1.1.1

  util-deprecate@1.0.2: {}

  wrap-ansi@9.0.2:
    dependencies:
      ansi-styles: 6.2.3
      string-width: 7.2.0
      strip-ansi: 7.2.0

  y18n@5.0.8: {}

  yargs-parser@22.0.0: {}

  yargs@18.0.0:
    dependencies:
      cliui: 9.0.1
      escalade: 3.2.0
      get-caller-file: 2.0.5
      string-width: 7.2.0
      y18n: 5.0.8
      yargs-parser: 22.0.0
